// !$*UTF8*$!
{
	archiveVersion = 1;
	classes = {
	};
	objectVersion = 50;
	objects = {

/* Begin PBXBuildFile section */
		45BA709225FBF0BB004F2F98 /* AppDelegate.swift in Sources */ = {isa = PBXBuildFile; fileRef = 45BA709125FBF0BB004F2F98 /* AppDelegate.swift */; };
		45BA709425FBF0BB004F2F98 /* SceneDelegate.swift in Sources */ = {isa = PBXBuildFile; fileRef = 45BA709325FBF0BB004F2F98 /* SceneDelegate.swift */; };
		45BA709625FBF0BB004F2F98 /* ViewController.swift in Sources */ = {isa = PBXBuildFile; fileRef = 45BA709525FBF0BB004F2F98 /* ViewController.swift */; };
		45BA709925FBF0BB004F2F98 /* Main.storyboard in Resources */ = {isa = PBXBuildFile; fileRef = 45BA709725FBF0BB004F2F98 /* Main.storyboard */; };
		45BA709B25FBF0BC004F2F98 /* Assets.xcassets in Resources */ = {isa = PBXBuildFile; fileRef = 45BA709A25FBF0BC004F2F98 /* Assets.xcassets */; };
		45BA709E25FBF0BC004F2F98 /* LaunchScreen.storyboard in Resources */ = {isa = PBXBuildFile; fileRef = 45BA709C25FBF0BC004F2F98 /* LaunchScreen.storyboard */; };
/* End PBXBuildFile section */

/* Begin PBXFileReference section */
		45BA708E25FBF0BB004F2F98 /* AVCamera.app */ = {isa = PBXFileReference; explicitFileType = wrapper.application; includeInIndex = 0; path = AVCamera.app; sourceTree = BUILT_PRODUCTS_DIR; };
		45BA709125FBF0BB004F2F98 /* AppDelegate.swift */ = {isa = PBXFileReference; lastKnownFileType = sourcecode.swift; path = AppDelegate.swift; sourceTree = "<group>"; };
		45BA709325FBF0BB004F2F98 /* SceneDelegate.swift */ = {isa = PBXFileReference; lastKnownFileType = sourcecode.swift; path = SceneDelegate.swift; sourceTree = "<group>"; };
		45BA709525FBF0BB004F2F98 /* ViewController.swift */ = {isa = PBXFileReference; lastKnownFileType = sourcecode.swift; path = ViewController.swift; sourceTree = "<group>"; };
		45BA709825FBF0BB004F2F98 /* Base */ = {isa = PBXFileReference; lastKnownFileType = file.storyboard; name = Base; path = Base.lproj/Main.storyboard; sourceTree = "<group>"; };
		45BA709A25FBF0BC004F2F98 /* Assets.xcassets */ = {isa = PBXFileReference; lastKnownFileType = folder.assetcatalog; path = Assets.xcassets; sourceTree = "<group>"; };
		45BA709D25FBF0BC004F2F98 /* Base */ = {isa = PBXFileReference; lastKnownFileType = file.storyboard; name = Base; path = Base.lproj/LaunchScreen.storyboard; sourceTree = "<group>"; };
		45BA709F25FBF0BC004F2F98 /* Info.plist */ = {isa = PBXFileReference; lastKnownFileType = text.plist.xml; path = Info.plist; sourceTree = "<group>"; };
/* End PBXFileReference section */

/* Begin PBXFrameworksBuildPhase section */
		45BA708B25FBF0BB004F2F98 /* Frameworks */ = {
			isa = PBXFrameworksBuildPhase;
			buildActionMask = 2147483647;
			files = (
			);
			runOnlyForDeploymentPostprocessing = 0;
		};
/* End PBXFrameworksBuildPhase section */

/* Begin PBXGroup section */
		45BA708525FBF0BB004F2F98 = {
			isa = PBXGroup;
			children = (
				45BA709025FBF0BB004F2F98 /* AVCamera */,
				45BA708F25FBF0BB004F2F98 /* Products */,
			);
			sourceTree = "<group>";
		};
		45BA708F25FBF0BB004F2F98 /* Products */ = {
			isa = PBXGroup;
			children = (
				45BA708E25FBF0BB004F2F98 /* AVCamera.app */,
			);
			name = Products;
			sourceTree = "<group>";
		};
		45BA709025FBF0BB004F2F98 /* AVCamera */ = {
			isa = PBXGroup;
			children = (
				45BA709125FBF0BB004F2F98 /* AppDelegate.swift */,
				45BA709325FBF0BB004F2F98 /* SceneDelegate.swift */,
				45BA709525FBF0BB004F2F98 /* ViewController.swift */,
				45BA709725FBF0BB004F2F98 /* Main.storyboard */,
				45BA709A25FBF0BC004F2F98 /* Assets.xcassets */,
				45BA709C25FBF0BC004F2F98 /* LaunchScreen.storyboard */,
				45BA709F25FBF0BC004F2F98 /* Info.plist */,
			);
			path = AVCamera;
			sourceTree = "<group>";
		};
/* End PBXGroup section */

/* Begin PBXNativeTarget section */
		45BA708D25FBF0BB004F2F98 /* AVCamera */ = {
			isa = PBXNativeTarget;
			buildConfigurationList = 45BA70A225FBF0BC004F2F98 /* Build configuration list for PBXNativeTarget "AVCamera" */;
			buildPhases = (
				45BA708A25FBF0BB004F2F98 /* Sources */,
				45BA708B25FBF0BB004F2F98 /* Frameworks */,
				45BA708C25FBF0BB004F2F98 /* Resources */,
			);
			buildRules = (
			);
			dependencies = (
			);
			name = AVCamera;
			productName = AVCamera;
			productReference = 45BA708E25FBF0BB004F2F98 /* AVCamera.app */;
			productType = "com.apple.product-type.application";
		};
/* End PBXNativeTarget section */

/* Begin PBXProject section */
		45BA708625FBF0BB004F2F98 /* Project object */ = {
			isa = PBXProject;
			attributes = {
				LastSwiftUpdateCheck = 1230;
				LastUpgradeCheck = 1230;
				TargetAttributes = {
					45BA708D25FBF0BB004F2F98 = {
						CreatedOnToolsVersion = 12.3;
					};
				};
			};
			buildConfigurationList = 45BA708925FBF0BB004F2F98 /* Build configuration list for PBXProject "AVCamera" */;
			compatibilityVersion = "Xcode 9.3";
			developmentRegion = en;
			hasScannedForEncodings = 0;
			knownRegions = (
				en,
				Base,
			);
			mainGroup = 45BA708525FBF0BB004F2F98;
			productRefGroup = 45BA708F25FBF0BB004F2F98 /* Products */;
			projectDirPath = "";
			projectRoot = "";
			targets = (
				45BA708D25FBF0BB004F2F98 /* AVCamera */,
			);
		};
/* End PBXProject section */

/* Begin PBXResourcesBuildPhase section */
		45BA708C25FBF0BB004F2F98 /* Resources */ = {
			isa = PBXResourcesBuildPhase;
			buildActionMask = 2147483647;
			files = (
				45BA709E25FBF0BC004F2F98 /* LaunchScreen.storyboard in Resources */,
				45BA709B25FBF0BC004F2F98 /* Assets.xcassets in Resources */,
				45BA709925FBF0BB004F2F98 /* Main.storyboard in Resources */,
			);
			runOnlyForDeploymentPostprocessing = 0;
		};
/* End PBXResourcesBuildPhase section */

/* Begin PBXSourcesBuildPhase section */
		45BA708A25FBF0BB004F2F98 /* Sources */ = {
			isa = PBXSourcesBuildPhase;
			buildActionMask = 2147483647;
			files = (
				45BA709625FBF0BB004F2F98 /* ViewController.swift in Sources */,
				45BA709225FBF0BB004F2F98 /* AppDelegate.swift in Sources */,
				45BA709425FBF0BB004F2F98 /* SceneDelegate.swift in Sources */,
			);
			runOnlyForDeploymentPostprocessing = 0;
		};
/* End PBXSourcesBuildPhase section */

/* Begin PBXVariantGroup section */
		45BA709725FBF0BB004F2F98 /* Main.storyboard */ = {
			isa = PBXVariantGroup;
			children = (
				45BA709825FBF0BB004F2F98 /* Base */,
			);
			name = Main.storyboard;
			sourceTree = "<group>";
		};
		45BA709C25FBF0BC004F2F98 /* LaunchScreen.storyboard */ = {
			isa = PBXVariantGroup;
			children = (
				45BA709D25FBF0BC004F2F98 /* Base */,
			);
			name = LaunchScreen.storyboard;
			sourceTree = "<group>";
		};
/* End PBXVariantGroup section */

/* Begin XCBuildConfiguration section */
		45BA70A025FBF0BC004F2F98 /* Debug */ = {
			isa = XCBuildConfiguration;
			buildSettings = {
				ALWAYS_SEARCH_USER_PATHS = NO;
				CLANG_ANALYZER_NONNULL = YES;
				CLANG_ANALYZER_NUMBER_OBJECT_CONVERSION = YES_AGGRESSIVE;
				CLANG_CXX_LANGUAGE_STANDARD = "gnu++14";
				CLANG_CXX_LIBRARY = "libc++";
				CLANG_ENABLE_MODULES = YES;
				CLANG_ENABLE_OBJC_ARC = YES;
				CLANG_ENABLE_OBJC_WEAK = YES;
				CLANG_WARN_BLOCK_CAPTURE_AUTORELEASING = YES;
				CLANG_WARN_BOOL_CONVERSION = YES;
				CLANG_WARN_COMMA = YES;
				CLANG_WARN_CONSTANT_CONVERSION = YES;
				CLANG_WARN_DEPRECATED_OBJC_IMPLEMENTATIONS = YES;
				CLANG_WARN_DIRECT_OBJC_ISA_USAGE = YES_ERROR;
				CLANG_WARN_DOCUMENTATION_COMMENTS = YES;
				CLANG_WARN_EMPTY_BODY = YES;
				CLANG_WARN_ENUM_CONVERSION = YES;
				CLANG_WARN_INFINITE_RECURSION = YES;
				CLANG_WARN_INT_CONVERSION = YES;
				CLANG_WARN_NON_LITERAL_NULL_CONVERSION = YES;
				CLANG_WARN_OBJC_IMPLICIT_RETAIN_SELF = YES;
				CLANG_WARN_OBJC_LITERAL_CONVERSION = YES;
				CLANG_WARN_OBJC_ROOT_CLASS = YES_ERROR;
				CLANG_WARN_QUOTED_INCLUDE_IN_FRAMEWORK_HEADER = YES;
				CLANG_WARN_RANGE_LOOP_ANALYSIS = YES;
				CLANG_WARN_STRICT_PROTOTYPES = YES;
				CLANG_WARN_SUSPICIOUS_MOVE = YES;
				CLANG_WARN_UNGUARDED_AVAILABILITY = YES_AGGRESSIVE;
				CLANG_WARN_UNREACHABLE_CODE = YES;
				CLANG_WARN__DUPLICATE_METHOD_MATCH = YES;
				COPY_PHASE_STRIP = NO;
				DEBUG_INFORMATION_FORMAT = dwarf;
				ENABLE_STRICT_OBJC_MSGSEND = YES;
				ENABLE_TESTABILITY = YES;
				GCC_C_LANGUAGE_STANDARD = gnu11;
				GCC_DYNAMIC_NO_PIC = NO;
				GCC_NO_COMMON_BLOCKS = YES;
				GCC_OPTIMIZATION_LEVEL = 0;
				GCC_PREPROCESSOR_DEFINITIONS = (
					"DEBUG=1",
					"$(inherited)",
				);
				GCC_WARN_64_TO_32_BIT_CONVERSION = YES;
				GCC_WARN_ABOUT_RETURN_TYPE = YES_ERROR;
				GCC_WARN_UNDECLARED_SELECTOR = YES;
				GCC_WARN_UNINITIALIZED_AUTOS = YES_AGGRESSIVE;
				GCC_WARN_UNUSED_FUNCTION = YES;
				GCC_WARN_UNUSED_VARIABLE = YES;
				IPHONEOS_DEPLOYMENT_TARGET = 14.3;
				MTL_ENABLE_DEBUG_INFO = INCLUDE_SOURCE;
				MTL_FAST_MATH = YES;
				ONLY_ACTIVE_ARCH = YES;
				SDKROOT = iphoneos;
				SWIFT_ACTIVE_COMPILATION_CONDITIONS = DEBUG;
				SWIFT_OPTIMIZATION_LEVEL = "-Onone";
			};
			name = Debug;
		};
		45BA70A125FBF0BC004F2F98 /* Release */ = {
			isa = XCBuildConfiguration;
			buildSettings = {
				ALWAYS_SEARCH_USER_PATHS = NO;
				CLANG_ANALYZER_NONNULL = YES;
				CLANG_ANALYZER_NUMBER_OBJECT_CONVERSION = YES_AGGRESSIVE;
				CLANG_CXX_LANGUAGE_STANDARD = "gnu++14";
				CLANG_CXX_LIBRARY = "libc++";
				CLANG_ENABLE_MODULES = YES;
				CLANG_ENABLE_OBJC_ARC = YES;
				CLANG_ENABLE_OBJC_WEAK = YES;
				CLANG_WARN_BLOCK_CAPTURE_AUTORELEASING = YES;
				CLANG_WARN_BOOL_CONVERSION = YES;
				CLANG_WARN_COMMA = YES;
				CLANG_WARN_CONSTANT_CONVERSION = YES;
				CLANG_WARN_DEPRECATED_OBJC_IMPLEMENTATIONS = YES;
				CLANG_WARN_DIRECT_OBJC_ISA_USAGE = YES_ERROR;
				CLANG_WARN_DOCUMENTATION_COMMENTS = YES;
				CLANG_WARN_EMPTY_BODY = YES;
				CLANG_WARN_ENUM_CONVERSION = YES;
				CLANG_WARN_INFINITE_RECURSION = YES;
				CLANG_WARN_INT_CONVERSION = YES;
				CLANG_WARN_NON_LITERAL_NULL_CONVERSION = YES;
				CLANG_WARN_OBJC_IMPLICIT_RETAIN_SELF = YES;
				CLANG_WARN_OBJC_LITERAL_CONVERSION = YES;
				CLANG_WARN_OBJC_ROOT_CLASS = YES_ERROR;
				CLANG_WARN_QUOTED_INCLUDE_IN_FRAMEWORK_HEADER = YES;
				CLANG_WARN_RANGE_LOOP_ANALYSIS = YES;
				CLANG_WARN_STRICT_PROTOTYPES = YES;
				CLANG_WARN_SUSPICIOUS_MOVE = YES;
				CLANG_WARN_UNGUARDED_AVAILABILITY = YES_AGGRESSIVE;
				CLANG_WARN_UNREACHABLE_CODE = YES;
				CLANG_WARN__DUPLICATE_METHOD_MATCH = YES;
				COPY_PHASE_STRIP = NO;
				DEBUG_INFORMATION_FORMAT = "dwarf-with-dsym";
				ENABLE_NS_ASSERTIONS = NO;
				ENABLE_STRICT_OBJC_MSGSEND = YES;
				GCC_C_LANGUAGE_STANDARD = gnu11;
				GCC_NO_COMMON_BLOCKS = YES;
				GCC_WARN_64_TO_32_BIT_CONVERSION = YES;
				GCC_WARN_ABOUT_RETURN_TYPE = YES_ERROR;
				GCC_WARN_UNDECLARED_SELECTOR = YES;
				GCC_WARN_UNINITIALIZED_AUTOS = YES_AGGRESSIVE;
				GCC_WARN_UNUSED_FUNCTION = YES;
				GCC_WARN_UNUSED_VARIABLE = YES;
				IPHONEOS_DEPLOYMENT_TARGET = 14.3;
				MTL_ENABLE_DEBUG_INFO = NO;
				MTL_FAST_MATH = YES;
				SDKROOT = iphoneos;
				SWIFT_COMPILATION_MODE = wholemodule;
				SWIFT_OPTIMIZATION_LEVEL = "-O";
				VALIDATE_PRODUCT = YES;
			};
			name = Release;
		};
		45BA70A325FBF0BC004F2F98 /* Debug */ = {
			isa = XCBuildConfiguration;
			buildSettings = {
				ASSETCATALOG_COMPILER_APPICON_NAME = AppIcon;
				ASSETCATALOG_COMPILER_GLOBAL_ACCENT_COLOR_NAME = AccentColor;
				CODE_SIGN_STYLE = Automatic;
				DEVELOPMENT_TEAM = YHB6627S43;
				INFOPLIST_FILE = AVCamera/Info.plist;
				LD_RUNPATH_SEARCH_PATHS = (
					"$(inherited)",
					"@executable_path/Frameworks",
				);
				PRODUCT_BUNDLE_IDENTIFIER = io.github.mustafacobann.AVCamera;
				PRODUCT_NAME = "$(TARGET_NAME)";
				SWIFT_VERSION = 5.0;
				TARGETED_DEVICE_FAMILY = "1,2";
			};
			name = Debug;
		};
		45BA70A425FBF0BC004F2F98 /* Release */ = {
			isa = XCBuildConfiguration;
			buildSettings = {
				ASSETCATALOG_COMPILER_APPICON_NAME = AppIcon;
				ASSETCATALOG_COMPILER_GLOBAL_ACCENT_COLOR_NAME = AccentColor;
				CODE_SIGN_STYLE = Automatic;
				DEVELOPMENT_TEAM = YHB6627S43;
				INFOPLIST_FILE = AVCamera/Info.plist;
				LD_RUNPATH_SEARCH_PATHS = (
					"$(inherited)",
					"@executable_path/Frameworks",
				);
				PRODUCT_BUNDLE_IDENTIFIER = io.github.mustafacobann.AVCamera;
				PRODUCT_NAME = "$(TARGET_NAME)";
				SWIFT_VERSION = 5.0;
				TARGETED_DEVICE_FAMILY = "1,2";
			};
			name = Release;
		};
/* End XCBuildConfiguration section */

/* Begin XCConfigurationList section */
		45BA708925FBF0BB004F2F98 /* Build configuration list for PBXProject "AVCamera" */ = {
			isa = XCConfigurationList;
			buildConfigurations = (
				45BA70A025FBF0BC004F2F98 /* Debug */,
				45BA70A125FBF0BC004F2F98 /* Release */,
			);
			defaultConfigurationIsVisible = 0;
			defaultConfigurationName = Release;
		};
		45BA70A225FBF0BC004F2F98 /* Build configuration list for PBXNativeTarget "AVCamera" */ = {
			isa = XCConfigurationList;
			buildConfigurations = (
				45BA70A325FBF0BC004F2F98 /* Debug */,
				45BA70A425FBF0BC004F2F98 /* Release */,
			);
			defaultConfigurationIsVisible = 0;
			defaultConfigurationName = Release;
		};
/* End XCConfigurationList section */
	};
	rootObject = 45BA708625FBF0BB004F2F98 /* Project object */;
}
